// !$*UTF8*$!
{
	archiveVersion = 1;
	classes = {
	};
	objectVersion = 46;
	objects = {

/* Begin PBXBuildFile section */
		C1AF712A1C1C94F2002988E9 /* AppDelegate.swift in Sources */ = {isa = PBXBuildFile; fileRef = C1AF71291C1C94F2002988E9 /* AppDelegate.swift */; };
		C1AF712C1C1C94F2002988E9 /* ViewController.swift in Sources */ = {isa = PBXBuildFile; fileRef = C1AF712B1C1C94F2002988E9 /* ViewController.swift */; };
		C1AF712F1C1C94F2002988E9 /* Main.storyboard in Resources */ = {isa = PBXBuildFile; fileRef = C1AF712D1C1C94F2002988E9 /* Main.storyboard */; };
		C1AF71311C1C94F2002988E9 /* Assets.xcassets in Resources */ = {isa = PBXBuildFile; fileRef = C1AF71301C1C94F2002988E9 /* Assets.xcassets */; };
		C1AF71341C1C94F2002988E9 /* LaunchScreen.storyboard in Resources */ = {isa = PBXBuildFile; fileRef = C1AF71321C1C94F2002988E9 /* LaunchScreen.storyboard */; };
		C1AF713F1C1C94F2002988E9 /* TestTests.swift in Sources */ = {isa = PBXBuildFile; fileRef = C1AF713E1C1C94F2002988E9 /* TestTests.swift */; };
/* End PBXBuildFile section */

/* Begin PBXContainerItemProxy section */
		C1AF713B1C1C94F2002988E9 /* PBXContainerItemProxy */ = {
			isa = PBXContainerItemProxy;
			containerPortal = C1AF711E1C1C94F2002988E9 /* Project object */;
			proxyType = 1;
			remoteGlobalIDString = C1AF71251C1C94F2002988E9;
			remoteInfo = Test;
		};
/* End PBXContainerItemProxy section */

/* Begin PBXFileReference section */
		C1AF71261C1C94F2002988E9 /* Test.app */ = {isa = PBXFileReference; explicitFileType = wrapper.application; includeInIndex = 0; path = Test.app; sourceTree = BUILT_PRODUCTS_DIR; };
		C1AF71291C1C94F2002988E9 /* AppDelegate.swift */ = {isa = PBXFileReference; lastKnownFileType = sourcecode.swift; path = AppDelegate.swift; sourceTree = "<group>"; };
		C1AF712B1C1C94F2002988E9 /* ViewController.swift */ = {isa = PBXFileReference; lastKnownFileType = sourcecode.swift; path = ViewController.swift; sourceTree = "<group>"; };
		C1AF712E1C1C94F2002988E9 /* Base */ = {isa = PBXFileReference; lastKnownFileType = file.storyboard; name = Base; path = Base.lproj/Main.storyboard; sourceTree = "<group>"; };
		C1AF71301C1C94F2002988E9 /* Assets.xcassets */ = {isa = PBXFileReference; lastKnownFileType = folder.assetcatalog; path = Assets.xcassets; sourceTree = "<group>"; };
		C1AF71331C1C94F2002988E9 /* Base */ = {isa = PBXFileReference; lastKnownFileType = file.storyboard; name = Base; path = Base.lproj/LaunchScreen.storyboard; sourceTree = "<group>"; };
		C1AF71351C1C94F2002988E9 /* Info.plist */ = {isa = PBXFileReference; lastKnownFileType = text.plist.xml; path = Info.plist; sourceTree = "<group>"; };
		C1AF713A1C1C94F2002988E9 /* TestTests.xctest */ = {isa = PBXFileReference; explicitFileType = wrapper.cfbundle; includeInIndex = 0; path = TestTests.xctest; sourceTree = BUILT_PRODUCTS_DIR; };
		C1AF713E1C1C94F2002988E9 /* TestTests.swift */ = {isa = PBXFileReference; lastKnownFileType = sourcecode.swift; path = TestTests.swift; sourceTree = "<group>"; };
		C1AF71401C1C94F2002988E9 /* Info.plist */ = {isa = PBXFileReference; lastKnownFileType = text.plist.xml; path = Info.plist; sourceTree = "<group>"; };
/* End PBXFileReference section */

/* Begin PBXFrameworksBuildPhase section */
		C1AF71231C1C94F2002988E9 /* Frameworks */ = {
			isa = PBXFrameworksBuildPhase;
			buildActionMask = 2147483647;
			files = (
			);
			runOnlyForDeploymentPostprocessing = 0;
		};
		C1AF71371C1C94F2002988E9 /* Frameworks */ = {
			isa = PBXFrameworksBuildPhase;
			buildActionMask = 2147483647;
			files = (
			);
			runOnlyForDeploymentPostprocessing = 0;
		};
/* End PBXFrameworksBuildPhase section */

/* Begin PBXGroup section */
		C1AF711D1C1C94F2002988E9 = {
			isa = PBXGroup;
			children = (
				C1AF71281C1C94F2002988E9 /* Test */,
				C1AF713D1C1C94F2002988E9 /* TestTests */,
				C1AF71271C1C94F2002988E9 /* Products */,
			);
			sourceTree = "<group>";
		};
		C1AF71271C1C94F2002988E9 /* Products */ = {
			isa = PBXGroup;
			children = (
				C1AF71261C1C94F2002988E9 /* Test.app */,
				C1AF713A1C1C94F2002988E9 /* TestTests.xctest */,
			);
			name = Products;
			sourceTree = "<group>";
		};
		C1AF71281C1C94F2002988E9 /* Test */ = {
			isa = PBXGroup;
			children = (
				C1AF71291C1C94F2002988E9 /* AppDelegate.swift */,
				C1AF712B1C1C94F2002988E9 /* ViewController.swift */,
				C1AF712D1C1C94F2002988E9 /* Main.storyboard */,
				C1AF71301C1C94F2002988E9 /* Assets.xcassets */,
				C1AF71321C1C94F2002988E9 /* LaunchScreen.storyboard */,
				C1AF71351C1C94F2002988E9 /* Info.plist */,
			);
			path = Test;
			sourceTree = "<group>";
		};
		C1AF713D1C1C94F2002988E9 /* TestTests */ = {
			isa = PBXGroup;
			children = (
				C1AF713E1C1C94F2002988E9 /* TestTests.swift */,
				C1AF71401C1C94F2002988E9 /* Info.plist */,
			);
			path = TestTests;
			sourceTree = "<group>";
		};
/* End PBXGroup section */

/* Begin PBXNativeTarget section */
		C1AF71251C1C94F2002988E9 /* Test */ = {
			isa = PBXNativeTarget;
			buildConfigurationList = C1AF71431C1C94F2002988E9 /* Build configuration list for PBXNativeTarget "Test" */;
			buildPhases = (
				C1AF71221C1C94F2002988E9 /* Sources */,
				C1AF71231C1C94F2002988E9 /* Frameworks */,
				C1AF71241C1C94F2002988E9 /* Resources */,
			);
			buildRules = (
			);
			dependencies = (
			);
			name = Test;
			productName = Test;
			productReference = C1AF71261C1C94F2002988E9 /* Test.app */;
			productType = "com.apple.product-type.application";
		};
		C1AF71391C1C94F2002988E9 /* TestTests */ = {
			isa = PBXNativeTarget;
			buildConfigurationList = C1AF71461C1C94F2002988E9 /* Build configuration list for PBXNativeTarget "TestTests" */;
			buildPhases = (
				C1AF71361C1C94F2002988E9 /* Sources */,
				C1AF71371C1C94F2002988E9 /* Frameworks */,
				C1AF71381C1C94F2002988E9 /* Resources */,
			);
			buildRules = (
			);
			dependencies = (
				C1AF713C1C1C94F2002988E9 /* PBXTargetDependency */,
			);
			name = TestTests;
			productName = TestTests;
			productReference = C1AF713A1C1C94F2002988E9 /* TestTests.xctest */;
			productType = "com.apple.product-type.bundle.unit-test";
		};
/* End PBXNativeTarget section */

/* Begin PBXProject section */
		C1AF711E1C1C94F2002988E9 /* Project object */ = {
			isa = PBXProject;
			attributes = {
				LastSwiftUpdateCheck = 0720;
				LastUpgradeCheck = 0720;
				ORGANIZATIONNAME = "Bytefly, Inc.";
				TargetAttributes = {
					C1AF71251C1C94F2002988E9 = {
						CreatedOnToolsVersion = 7.2;
					};
					C1AF71391C1C94F2002988E9 = {
						CreatedOnToolsVersion = 7.2;
						TestTargetID = C1AF71251C1C94F2002988E9;
					};
				};
			};
			buildConfigurationList = C1AF71211C1C94F2002988E9 /* Build configuration list for PBXProject "Test" */;
			compatibilityVersion = "Xcode 3.2";
			developmentRegion = English;
			hasScannedForEncodings = 0;
			knownRegions = (
				en,
				Base,
			);
			mainGroup = C1AF711D1C1C94F2002988E9;
			productRefGroup = C1AF71271C1C94F2002988E9 /* Products */;
			projectDirPath = "";
			projectRoot = "";
			targets = (
				C1AF71251C1C94F2002988E9 /* Test */,
				C1AF71391C1C94F2002988E9 /* TestTests */,
			);
		};
/* End PBXProject section */

/* Begin PBXResourcesBuildPhase section */
		C1AF71241C1C94F2002988E9 /* Resources */ = {
			isa = PBXResourcesBuildPhase;
			buildActionMask = 2147483647;
			files = (
				C1AF71341C1C94F2002988E9 /* LaunchScreen.storyboard in Resources */,
				C1AF71311C1C94F2002988E9 /* Assets.xcassets in Resources */,
				C1AF712F1C1C94F2002988E9 /* Main.storyboard in Resources */,
			);
			runOnlyForDeploymentPostprocessing = 0;
		};
		C1AF71381C1C94F2002988E9 /* Resources */ = {
			isa = PBXResourcesBuildPhase;
			buildActionMask = 2147483647;
			files = (
			);
			runOnlyForDeploymentPostprocessing = 0;
		};
/* End PBXResourcesBuildPhase section */

/* Begin PBXSourcesBuildPhase section */
		C1AF71221C1C94F2002988E9 /* Sources */ = {
			isa = PBXSourcesBuildPhase;
			buildActionMask = 2147483647;
			files = (
				C1AF712C1C1C94F2002988E9 /* ViewController.swift in Sources */,
				C1AF712A1C1C94F2002988E9 /* AppDelegate.swift in Sources */,
			);
			runOnlyForDeploymentPostprocessing = 0;
		};
		C1AF71361C1C94F2002988E9 /* Sources */ = {
			isa = PBXSourcesBuildPhase;
			buildActionMask = 2147483647;
			files = (
				C1AF713F1C1C94F2002988E9 /* TestTests.swift in Sources */,
			);
			runOnlyForDeploymentPostprocessing = 0;
		};
/* End PBXSourcesBuildPhase section */

/* Begin PBXTargetDependency section */
		C1AF713C1C1C94F2002988E9 /* PBXTargetDependency */ = {
			isa = PBXTargetDependency;
			target = C1AF71251C1C94F2002988E9 /* Test */;
			targetProxy = C1AF713B1C1C94F2002988E9 /* PBXContainerItemProxy */;
		};
/* End PBXTargetDependency section */

/* Begin PBXVariantGroup section */
		C1AF712D1C1C94F2002988E9 /* Main.storyboard */ = {
			isa = PBXVariantGroup;
			children = (
				C1AF712E1C1C94F2002988E9 /* Base */,
			);
			name = Main.storyboard;
			sourceTree = "<group>";
		};
		C1AF71321C1C94F2002988E9 /* LaunchScreen.storyboard */ = {
			isa = PBXVariantGroup;
			children = (
				C1AF71331C1C94F2002988E9 /* Base */,
			);
			name = LaunchScreen.storyboard;
			sourceTree = "<group>";
		};
/* End PBXVariantGroup section */

/* Begin XCBuildConfiguration section */
		C1AF71411C1C94F2002988E9 /* Debug */ = {
			isa = XCBuildConfiguration;
			buildSettings = {
				ALWAYS_SEARCH_USER_PATHS = NO;
				CLANG_CXX_LANGUAGE_STANDARD = "gnu++0x";
				CLANG_CXX_LIBRARY = "libc++";
				CLANG_ENABLE_MODULES = YES;
				CLANG_ENABLE_OBJC_ARC = YES;
				CLANG_WARN_BOOL_CONVERSION = YES;
				CLANG_WARN_CONSTANT_CONVERSION = YES;
				CLANG_WARN_DIRECT_OBJC_ISA_USAGE = YES_ERROR;
				CLANG_WARN_EMPTY_BODY = YES;
				CLANG_WARN_ENUM_CONVERSION = YES;
				CLANG_WARN_INT_CONVERSION = YES;
				CLANG_WARN_OBJC_ROOT_CLASS = YES_ERROR;
				CLANG_WARN_UNREACHABLE_CODE = YES;
				CLANG_WARN__DUPLICATE_METHOD_MATCH = YES;
				"CODE_SIGN_IDENTITY[sdk=iphoneos*]" = "iPhone Developer";
				COPY_PHASE_STRIP = NO;
				DEBUG_INFORMATION_FORMAT = dwarf;
				ENABLE_STRICT_OBJC_MSGSEND = YES;
				ENABLE_TESTABILITY = YES;
				GCC_C_LANGUAGE_STANDARD = gnu99;
				GCC_DYNAMIC_NO_PIC = NO;
				GCC_NO_COMMON_BLOCKS = YES;
				GCC_OPTIMIZATION_LEVEL = 0;
				GCC_PREPROCESSOR_DEFINITIONS = (
					"DEBUG=1",
					"$(inherited)",
				);
				GCC_WARN_64_TO_32_BIT_CONVERSION = YES;
				GCC_WARN_ABOUT_RETURN_TYPE = YES_ERROR;
				GCC_WARN_UNDECLARED_SELECTOR = YES;
				GCC_WARN_UNINITIALIZED_AUTOS = YES_AGGRESSIVE;
				GCC_WARN_UNUSED_FUNCTION = YES;
				GCC_WARN_UNUSED_VARIABLE = YES;
				IPHONEOS_DEPLOYMENT_TARGET = 9.2;
				MTL_ENABLE_DEBUG_INFO = YES;
				ONLY_ACTIVE_ARCH = YES;
				SDKROOT = iphoneos;
				SWIFT_OPTIMIZATION_LEVEL = "-Onone";
			};
			name = Debug;
		};
		C1AF71421C1C94F2002988E9 /* Release */ = {
			isa = XCBuildConfiguration;
			buildSettings = {
				ALWAYS_SEARCH_USER_PATHS = NO;
				CLANG_CXX_LANGUAGE_STANDARD = "gnu++0x";
				CLANG_CXX_LIBRARY = "libc++";
				CLANG_ENABLE_MODULES = YES;
				CLANG_ENABLE_OBJC_ARC = YES;
				CLANG_WARN_BOOL_CONVERSION = YES;
				CLANG_WARN_CONSTANT_CONVERSION = YES;
				CLANG_WARN_DIRECT_OBJC_ISA_USAGE = YES_ERROR;
				CLANG_WARN_EMPTY_BODY = YES;
				CLANG_WARN_ENUM_CONVERSION = YES;
				CLANG_WARN_INT_CONVERSION = YES;
				CLANG_WARN_OBJC_ROOT_CLASS = YES_ERROR;
				CLANG_WARN_UNREACHABLE_CODE = YES;
				CLANG_WARN__DUPLICATE_METHOD_MATCH = YES;
				"CODE_SIGN_IDENTITY[sdk=iphoneos*]" = "iPhone Developer";
				COPY_PHASE_STRIP = NO;
				DEBUG_INFORMATION_FORMAT = "dwarf-with-dsym";
				ENABLE_NS_ASSERTIONS = NO;
				ENABLE_STRICT_OBJC_MSGSEND = YES;
				GCC_C_LANGUAGE_STANDARD = gnu99;
				GCC_NO_COMMON_BLOCKS = YES;
				GCC_WARN_64_TO_32_BIT_CONVERSION = YES;
				GCC_WARN_ABOUT_RETURN_TYPE = YES_ERROR;
				GCC_WARN_UNDECLARED_SELECTOR = YES;
				GCC_WARN_UNINITIALIZED_AUTOS = YES_AGGRESSIVE;
				GCC_WARN_UNUSED_FUNCTION = YES;
				GCC_WARN_UNUSED_VARIABLE = YES;
				IPHONEOS_DEPLOYMENT_TARGET = 9.2;
				MTL_ENABLE_DEBUG_INFO = NO;
				SDKROOT = iphoneos;
				VALIDATE_PRODUCT = YES;
			};
			name = Release;
		};
		C1AF71441C1C94F2002988E9 /* Debug */ = {
			isa = XCBuildConfiguration;
			buildSettings = {
				ASSETCATALOG_COMPILER_APPICON_NAME = AppIcon;
				INFOPLIST_FILE = Test/Info.plist;
				LD_RUNPATH_SEARCH_PATHS = "$(inherited) @executable_path/Frameworks";
				PRODUCT_BUNDLE_IDENTIFIER = com.bytefly.Test;
				PRODUCT_NAME = "$(TARGET_NAME)";
			};
			name = Debug;
		};
		C1AF71451C1C94F2002988E9 /* Release */ = {
			isa = XCBuildConfiguration;
			buildSettings = {
				ASSETCATALOG_COMPILER_APPICON_NAME = AppIcon;
				INFOPLIST_FILE = Test/Info.plist;
				LD_RUNPATH_SEARCH_PATHS = "$(inherited) @executable_path/Frameworks";
				PRODUCT_BUNDLE_IDENTIFIER = com.bytefly.Test;
				PRODUCT_NAME = "$(TARGET_NAME)";
			};
			name = Release;
		};
		C1AF71471C1C94F2002988E9 /* Debug */ = {
			isa = XCBuildConfiguration;
			buildSettings = {
				BUNDLE_LOADER = "$(TEST_HOST)";
				INFOPLIST_FILE = TestTests/Info.plist;
				LD_RUNPATH_SEARCH_PATHS = "$(inherited) @executable_path/Frameworks @loader_path/Frameworks";
				PRODUCT_BUNDLE_IDENTIFIER = com.bytefly.TestTests;
				PRODUCT_NAME = "$(TARGET_NAME)";
				TEST_HOST = "$(BUILT_PRODUCTS_DIR)/Test.app/Test";
			};
			name = Debug;
		};
		C1AF71481C1C94F2002988E9 /* Release */ = {
			isa = XCBuildConfiguration;
			buildSettings = {
				BUNDLE_LOADER = "$(TEST_HOST)";
				INFOPLIST_FILE = TestTests/Info.plist;
				LD_RUNPATH_SEARCH_PATHS = "$(inherited) @executable_path/Frameworks @loader_path/Frameworks";
				PRODUCT_BUNDLE_IDENTIFIER = com.bytefly.TestTests;
				PRODUCT_NAME = "$(TARGET_NAME)";
				TEST_HOST = "$(BUILT_PRODUCTS_DIR)/Test.app/Test";
			};
			name = Release;
		};
/* End XCBuildConfiguration section */

/* Begin XCConfigurationList section */
		C1AF71211C1C94F2002988E9 /* Build configuration list for PBXProject "Test" */ = {
			isa = XCConfigurationList;
			buildConfigurations = (
				C1AF71411C1C94F2002988E9 /* Debug */,
				C1AF71421C1C94F2002988E9 /* Release */,
			);
			defaultConfigurationIsVisible = 0;
			defaultConfigurationName = Release;
		};
		C1AF71431C1C94F2002988E9 /* Build configuration list for PBXNativeTarget "Test" */ = {
			isa = XCConfigurationList;
			buildConfigurations = (
				C1AF71441C1C94F2002988E9 /* Debug */,
				C1AF71451C1C94F2002988E9 /* Release */,
			);
			defaultConfigurationIsVisible = 0;
		};
		C1AF71461C1C94F2002988E9 /* Build configuration list for PBXNativeTarget "TestTests" */ = {
			isa = XCConfigurationList;
			buildConfigurations = (
				C1AF71471C1C94F2002988E9 /* Debug */,
				C1AF71481C1C94F2002988E9 /* Release */,
			);
			defaultConfigurationIsVisible = 0;
		};
/* End XCConfigurationList section */
	};
	rootObject = C1AF711E1C1C94F2002988E9 /* Project object */;
}
